
Microsoft Visual Studio Solution File, Format Version 12.00
# Visual Studio Version 17
VisualStudioVersion = 17.4.33205.214
MinimumVisualStudioVersion = 10.0.40219.1
Project("{FAE04EC0-301F-11D3-BF4B-00C04F79EFBC}") = "WebXeHoi", "WebXeHoi\WebXeHoi.csproj", "{943CB42C-5CCD-443B-93D9-A2AF54CCAC33}"
EndProject
Global
	GlobalSection(SolutionConfigurationPlatforms) = preSolution
		Debug|Any CPU = Debug|Any CPU
		Release|Any CPU = Release|Any CPU
	EndGlobalSection
	GlobalSection(ProjectConfigurationPlatforms) = postSolution
		{943CB42C-5CCD-443B-93D9-A2AF54CCAC33}.Debug|Any CPU.ActiveCfg = Debug|Any CPU
		{943CB42C-5CCD-443B-93D9-A2AF54CCAC33}.Debug|Any CPU.Build.0 = Debug|Any CPU
		{943CB42C-5CCD-443B-93D9-A2AF54CCAC33}.Release|Any CPU.ActiveCfg = Release|Any CPU
		{943CB42C-5CCD-443B-93D9-A2AF54CCAC33}.Release|Any CPU.Build.0 = Release|Any CPU
	EndGlobalSection
	GlobalSection(SolutionProperties) = preSolution
		HideSolutionNode = FALSE
	EndGlobalSection
	GlobalSection(ExtensibilityGlobals) = postSolution
		SolutionGuid = {0A3F38BC-3A04-4BFA-B958-02A3B6A29845}
	EndGlobalSection
EndGlobal
